<?xml version="1.0" encoding="utf-8"?>
<Project ToolsVersion="4.0" xmlns="http://schemas.microsoft.com/developer/msbuild/2003">
  <ItemGroup>
    <Filter Include="Source Files">
      <UniqueIdentifier>{4FC737F1-C7A5-4376-A066-2A32D752A2FF}</UniqueIdentifier>
      <Extensions>cpp;c;cc;cxx;def;odl;idl;hpj;bat;asm;asmx</Extensions>
    </Filter>
    <Filter Include="glad">
      <UniqueIdentifier>{ded846ff-aafc-48f9-a817-f89d3837d398}</UniqueIdentifier>
    </Filter>
    <Filter Include="Shader">
      <UniqueIdentifier>{79916e17-b7b5-4ad5-8ef4-0ed53f05030a}</UniqueIdentifier>
    </Filter>
    <Filter Include="ShaderSource">
      <UniqueIdentifier>{4257fbd1-fa72-4786-9555-bb20aed3a5bb}</UniqueIdentifier>
    </Filter>
    <Filter Include="ImageStb">
      <UniqueIdentifier>{e96b93e7-0966-4587-a949-a039c6596dcd}</UniqueIdentifier>
    </Filter>
    <Filter Include="Texture">
      <UniqueIdentifier>{6aa12ab3-1ac7-45bf-ae1e-884937117dde}</UniqueIdentifier>
    </Filter>
  </ItemGroup>
  <ItemGroup>
    <ClInclude Include="glad\glad.h">
      <Filter>glad</Filter>
    </ClInclude>
    <ClInclude Include="pch.h">
      <Filter>glad</Filter>
    </ClInclude>
    <ClInclude Include="glad\khrplatform.h">
      <Filter>glad</Filter>
    </ClInclude>
    <ClInclude Include="Shader.h">
      <Filter>Shader</Filter>
    </ClInclude>
    <ClInclude Include="ImageStb\stb_image.h">
      <Filter>ImageStb</Filter>
    </ClInclude>
  </ItemGroup>
  <ItemGroup>
    <ClCompile Include="pch.cpp">
      <Filter>Source Files</Filter>
    </ClCompile>
    <ClCompile Include="OpenGLMinecraft.cpp">
      <Filter>Source Files</Filter>
    </ClCompile>
    <ClCompile Include="glad\glad.c">
      <Filter>glad</Filter>
    </ClCompile>
    <ClCompile Include="Shader.cpp">
      <Filter>Shader</Filter>
    </ClCompile>
  </ItemGroup>
  <ItemGroup>
    <Text Include="VertexSource.vert">
      <Filter>ShaderSource</Filter>
    </Text>
    <Text Include="FragmentSource.frag">
      <Filter>ShaderSource</Filter>
    </Text>
  </ItemGroup>
  <ItemGroup>
    <Image Include="Texture\awesomeface.png">
      <Filter>Texture</Filter>
    </Image>
    <Image Include="Texture\wall.jpg">
      <Filter>Texture</Filter>
    </Image>
    <Image Include="Texture\container.jpg">
      <Filter>Texture</Filter>
    </Image>
  </ItemGroup>
</Project>